
Microsoft Visual Studio Solution File, Format Version 12.00
# Visual Studio 15
VisualStudioVersion = 15.0.27428.2005
MinimumVisualStudioVersion = 10.0.40219.1
Project("{FAE04EC0-301F-11D3-BF4B-00C04F79EFBC}") = "oldestDogOrCat", "oldestDogOrCat\oldestDogOrCat.csproj", "{81014384-96D1-444A-B4E5-43C29B9C8642}"
EndProject
Global
	GlobalSection(SolutionConfigurationPlatforms) = preSolution
		Debug|Any CPU = Debug|Any CPU
		Release|Any CPU = Release|Any CPU
	EndGlobalSection
	GlobalSection(ProjectConfigurationPlatforms) = postSolution
		{81014384-96D1-444A-B4E5-43C29B9C8642}.Debug|Any CPU.ActiveCfg = Debug|Any CPU
		{81014384-96D1-444A-B4E5-43C29B9C8642}.Debug|Any CPU.Build.0 = Debug|Any CPU
		{81014384-96D1-444A-B4E5-43C29B9C8642}.Release|Any CPU.ActiveCfg = Release|Any CPU
		{81014384-96D1-444A-B4E5-43C29B9C8642}.Release|Any CPU.Build.0 = Release|Any CPU
	EndGlobalSection
	GlobalSection(SolutionProperties) = preSolution
		HideSolutionNode = FALSE
	EndGlobalSection
	GlobalSection(ExtensibilityGlobals) = postSolution
		SolutionGuid = {97BC83F4-E152-434D-8033-F4824377D55F}
	EndGlobalSection
EndGlobal
